github.com/pkg/profile v1.3.0 h1:OQIvuDgm00gWVWGTf4m4mCt6W1/0YqU7Ntg0mySWgaI=
github.com/pkg/profile v1.3.0/go.mod h1:hJw3o1OdXxsrSjjVksARp5W95eeEaEfptyVZyv6JUPA=
github.com/zavla/dblist v2.0.0+incompatible h1:JI7PF0ID+5hVjOBKfZS1F6gRSl1AeU2mcWPW5KPdPBQ=
github.com/zavla/dblist v2.0.0+incompatible/go.mod h1:7/b5SrIYMJ/i8s79i8GXIub7PGHIYasibs+MU7X6CVM=
github.com/zavla/dblist v2.0.1+incompatible h1:yVQeaovcNs4SZgTtWSV535gC3uteSWKyS6k1U/hqMWE=
github.com/zavla/dblist v2.0.1+incompatible/go.mod h1:7/b5SrIYMJ/i8s79i8GXIub7PGHIYasibs+MU7X6CVM=
github.com/zavla/dblist/v2 v2.0.1 h1:uZs4IJRzXfpui3hAci5b/BPcxQuh8MYvgvNkiFBVZvc=
github.com/zavla/dblist/v2 v2.0.1/go.mod h1:IA1N3nX+DcTO2k24vQ7SFAILspeQp7e8dwY4o7Is2EA=
github.com/zavla/dpapi v1.0.0 h1:jOT8Joy8X+6QhoVap6GbTuJXSop4HQQ1euUNhUXGRZM=
github.com/zavla/dpapi v1.0.0/go.mod h1:g1TgOYNfVR+GnPwrxqgQZDlcHMrJfmkBwsL4GscIW+Q=
github.com/zavla/sendmail v0.0.0-20190527120221-c154caff6183 h1:u0SY4bJR1qdBMac1iKHHsynqyI36WS+l4MxAtFUToww=
github.com/zavla/sendmail v0.0.0-20190527120221-c154caff6183/go.mod h1:lJJOQehDyKIbOHArC3HGBo9WuTH/uGWIe45Km2Lf5jU=
golang.org/x/sys v0.0.0-20190222072716-a9d3bda3a223/go.mod h1:STP8DvDyc/dI5b8T5hshtkjS+E42TnysNCUPdjciGhY=
golang.org/x/sys v0.0.0-20191224085550-c709ea063b76 h1:Dho5nD6R3PcW2SH1or8vS0dszDaXRxIw55lBX7XiE5g=
golang.org/x/sys v0.0.0-20191224085550-c709ea063b76/go.mod h1:h1NjWce9XRLGQEsW7wpKNCjG9DtNlClVuFLEZdDNbEs=
